
Microsoft Visual Studio Solution File, Format Version 12.00
# Visual Studio 15
VisualStudioVersion = 15.0.27703.2042
MinimumVisualStudioVersion = 10.0.40219.1
Project("{FAE04EC0-301F-11D3-BF4B-00C04F79EFBC}") = "Blazor.Universal.UWP", "Blazor.Universal\Blazor.Universal.UWP\Blazor.Universal.UWP.csproj", "{8061CDE6-C72C-4FBD-989C-FA3E6F02286D}"
EndProject
Project("{FAE04EC0-301F-11D3-BF4B-00C04F79EFBC}") = "Blazor.Universal", "Blazor.Universal\Blazor.Universal\Blazor.Universal.csproj", "{7D062E42-0EFA-4427-A7A7-3763190567F5}"
EndProject
Global
	GlobalSection(SolutionConfigurationPlatforms) = preSolution
		Debug|Any CPU = Debug|Any CPU
		Debug|ARM = Debug|ARM
		Debug|x64 = Debug|x64
		Debug|x86 = Debug|x86
		Release|Any CPU = Release|Any CPU
		Release|ARM = Release|ARM
		Release|x64 = Release|x64
		Release|x86 = Release|x86
	EndGlobalSection
	GlobalSection(ProjectConfigurationPlatforms) = postSolution
		{8061CDE6-C72C-4FBD-989C-FA3E6F02286D}.Debug|Any CPU.ActiveCfg = Debug|x86
		{8061CDE6-C72C-4FBD-989C-FA3E6F02286D}.Debug|Any CPU.Build.0 = Debug|x86
		{8061CDE6-C72C-4FBD-989C-FA3E6F02286D}.Debug|Any CPU.Deploy.0 = Debug|x86
		{8061CDE6-C72C-4FBD-989C-FA3E6F02286D}.Debug|ARM.ActiveCfg = Debug|ARM
		{8061CDE6-C72C-4FBD-989C-FA3E6F02286D}.Debug|ARM.Build.0 = Debug|ARM
		{8061CDE6-C72C-4FBD-989C-FA3E6F02286D}.Debug|ARM.Deploy.0 = Debug|ARM
		{8061CDE6-C72C-4FBD-989C-FA3E6F02286D}.Debug|x64.ActiveCfg = Debug|x64
		{8061CDE6-C72C-4FBD-989C-FA3E6F02286D}.Debug|x64.Build.0 = Debug|x64
		{8061CDE6-C72C-4FBD-989C-FA3E6F02286D}.Debug|x64.Deploy.0 = Debug|x64
		{8061CDE6-C72C-4FBD-989C-FA3E6F02286D}.Debug|x86.ActiveCfg = Debug|x86
		{8061CDE6-C72C-4FBD-989C-FA3E6F02286D}.Debug|x86.Build.0 = Debug|x86
		{8061CDE6-C72C-4FBD-989C-FA3E6F02286D}.Debug|x86.Deploy.0 = Debug|x86
		{8061CDE6-C72C-4FBD-989C-FA3E6F02286D}.Release|Any CPU.ActiveCfg = Release|x86
		{8061CDE6-C72C-4FBD-989C-FA3E6F02286D}.Release|Any CPU.Build.0 = Release|x86
		{8061CDE6-C72C-4FBD-989C-FA3E6F02286D}.Release|Any CPU.Deploy.0 = Release|x86
		{8061CDE6-C72C-4FBD-989C-FA3E6F02286D}.Release|ARM.ActiveCfg = Release|ARM
		{8061CDE6-C72C-4FBD-989C-FA3E6F02286D}.Release|ARM.Build.0 = Release|ARM
		{8061CDE6-C72C-4FBD-989C-FA3E6F02286D}.Release|ARM.Deploy.0 = Release|ARM
		{8061CDE6-C72C-4FBD-989C-FA3E6F02286D}.Release|x64.ActiveCfg = Release|x64
		{8061CDE6-C72C-4FBD-989C-FA3E6F02286D}.Release|x64.Build.0 = Release|x64
		{8061CDE6-C72C-4FBD-989C-FA3E6F02286D}.Release|x64.Deploy.0 = Release|x64
		{8061CDE6-C72C-4FBD-989C-FA3E6F02286D}.Release|x86.ActiveCfg = Release|x86
		{8061CDE6-C72C-4FBD-989C-FA3E6F02286D}.Release|x86.Build.0 = Release|x86
		{8061CDE6-C72C-4FBD-989C-FA3E6F02286D}.Release|x86.Deploy.0 = Release|x86
		{7D062E42-0EFA-4427-A7A7-3763190567F5}.Debug|Any CPU.ActiveCfg = Debug|Any CPU
		{7D062E42-0EFA-4427-A7A7-3763190567F5}.Debug|Any CPU.Build.0 = Debug|Any CPU
		{7D062E42-0EFA-4427-A7A7-3763190567F5}.Debug|Any CPU.Deploy.0 = Debug|Any CPU
		{7D062E42-0EFA-4427-A7A7-3763190567F5}.Debug|ARM.ActiveCfg = Debug|Any CPU
		{7D062E42-0EFA-4427-A7A7-3763190567F5}.Debug|ARM.Build.0 = Debug|Any CPU
		{7D062E42-0EFA-4427-A7A7-3763190567F5}.Debug|ARM.Deploy.0 = Debug|Any CPU
		{7D062E42-0EFA-4427-A7A7-3763190567F5}.Debug|x64.ActiveCfg = Debug|Any CPU
		{7D062E42-0EFA-4427-A7A7-3763190567F5}.Debug|x64.Build.0 = Debug|Any CPU
		{7D062E42-0EFA-4427-A7A7-3763190567F5}.Debug|x64.Deploy.0 = Debug|Any CPU
		{7D062E42-0EFA-4427-A7A7-3763190567F5}.Debug|x86.ActiveCfg = Debug|Any CPU
		{7D062E42-0EFA-4427-A7A7-3763190567F5}.Debug|x86.Build.0 = Debug|Any CPU
		{7D062E42-0EFA-4427-A7A7-3763190567F5}.Debug|x86.Deploy.0 = Debug|Any CPU
		{7D062E42-0EFA-4427-A7A7-3763190567F5}.Release|Any CPU.ActiveCfg = Release|Any CPU
		{7D062E42-0EFA-4427-A7A7-3763190567F5}.Release|Any CPU.Build.0 = Release|Any CPU
		{7D062E42-0EFA-4427-A7A7-3763190567F5}.Release|Any CPU.Deploy.0 = Release|Any CPU
		{7D062E42-0EFA-4427-A7A7-3763190567F5}.Release|ARM.ActiveCfg = Release|Any CPU
		{7D062E42-0EFA-4427-A7A7-3763190567F5}.Release|ARM.Build.0 = Release|Any CPU
		{7D062E42-0EFA-4427-A7A7-3763190567F5}.Release|ARM.Deploy.0 = Release|Any CPU
		{7D062E42-0EFA-4427-A7A7-3763190567F5}.Release|x64.ActiveCfg = Release|Any CPU
		{7D062E42-0EFA-4427-A7A7-3763190567F5}.Release|x64.Build.0 = Release|Any CPU
		{7D062E42-0EFA-4427-A7A7-3763190567F5}.Release|x64.Deploy.0 = Release|Any CPU
		{7D062E42-0EFA-4427-A7A7-3763190567F5}.Release|x86.ActiveCfg = Release|Any CPU
		{7D062E42-0EFA-4427-A7A7-3763190567F5}.Release|x86.Build.0 = Release|Any CPU
		{7D062E42-0EFA-4427-A7A7-3763190567F5}.Release|x86.Deploy.0 = Release|Any CPU
	EndGlobalSection
	GlobalSection(SolutionProperties) = preSolution
		HideSolutionNode = FALSE
	EndGlobalSection
	GlobalSection(ExtensibilityGlobals) = postSolution
		SolutionGuid = {CF6B2EF8-730A-45E8-BB57-27A3461C7E96}
	EndGlobalSection
EndGlobal
